// !$*UTF8*$!
{
	archiveVersion = 1;
	classes = {
	};
	objectVersion = 77;
	objects = {

/* Begin PBXBuildFile section */
		D71997052E10EBC50060D346 /* Localizable.xcstrings in Resources */ = {isa = PBXBuildFile; fileRef = D71997042E10EBC50060D346 /* Localizable.xcstrings */; };
/* End PBXBuildFile section */

/* Begin PBXContainerItemProxy section */
		D71996B62E1096CD0060D346 /* PBXContainerItemProxy */ = {
			isa = PBXContainerItemProxy;
			containerPortal = D71996A02E1096C90060D346 /* Project object */;
			proxyType = 1;
			remoteGlobalIDString = D71996A72E1096C90060D346;
			remoteInfo = "EV Station Finder";
		};
		D71996C02E1096CD0060D346 /* PBXContainerItemProxy */ = {
			isa = PBXContainerItemProxy;
			containerPortal = D71996A02E1096C90060D346 /* Project object */;
			proxyType = 1;
			remoteGlobalIDString = D71996A72E1096C90060D346;
			remoteInfo = "EV Station Finder";
		};
/* End PBXContainerItemProxy section */

/* Begin PBXFileReference section */
		D71996A82E1096C90060D346 /* EV Station Finder.app */ = {isa = PBXFileReference; explicitFileType = wrapper.application; includeInIndex = 0; path = "EV Station Finder.app"; sourceTree = BUILT_PRODUCTS_DIR; };
		D71996B52E1096CD0060D346 /* EV Station FinderTests.xctest */ = {isa = PBXFileReference; explicitFileType = wrapper.cfbundle; includeInIndex = 0; path = "EV Station FinderTests.xctest"; sourceTree = BUILT_PRODUCTS_DIR; };
		D71996BF2E1096CD0060D346 /* EV Station FinderUITests.xctest */ = {isa = PBXFileReference; explicitFileType = wrapper.cfbundle; includeInIndex = 0; path = "EV Station FinderUITests.xctest"; sourceTree = BUILT_PRODUCTS_DIR; };
		D71997042E10EBC50060D346 /* Localizable.xcstrings */ = {isa = PBXFileReference; lastKnownFileType = text.json.xcstrings; path = Localizable.xcstrings; sourceTree = "<group>"; };
/* End PBXFileReference section */

/* Begin PBXFileSystemSynchronizedRootGroup section */
		D71996AA2E1096C90060D346 /* EV Station Finder */ = {
			isa = PBXFileSystemSynchronizedRootGroup;
			path = "EV Station Finder";
			sourceTree = "<group>";
		};
		D71996B82E1096CD0060D346 /* EV Station FinderTests */ = {
			isa = PBXFileSystemSynchronizedRootGroup;
			path = "EV Station FinderTests";
			sourceTree = "<group>";
		};
		D71996C22E1096CD0060D346 /* EV Station FinderUITests */ = {
			isa = PBXFileSystemSynchronizedRootGroup;
			path = "EV Station FinderUITests";
			sourceTree = "<group>";
		};
/* End PBXFileSystemSynchronizedRootGroup section */

/* Begin PBXFrameworksBuildPhase section */
		D71996A52E1096C90060D346 /* Frameworks */ = {
			isa = PBXFrameworksBuildPhase;
			buildActionMask = 2147483647;
			files = (
			);
			runOnlyForDeploymentPostprocessing = 0;
		};
		D71996B22E1096CD0060D346 /* Frameworks */ = {
			isa = PBXFrameworksBuildPhase;
			buildActionMask = 2147483647;
			files = (
			);
			runOnlyForDeploymentPostprocessing = 0;
		};
		D71996BC2E1096CD0060D346 /* Frameworks */ = {
			isa = PBXFrameworksBuildPhase;
			buildActionMask = 2147483647;
			files = (
			);
			runOnlyForDeploymentPostprocessing = 0;
		};
/* End PBXFrameworksBuildPhase section */

/* Begin PBXGroup section */
		D719969F2E1096C90060D346 = {
			isa = PBXGroup;
			children = (
				D71997042E10EBC50060D346 /* Localizable.xcstrings */,
				D71996AA2E1096C90060D346 /* EV Station Finder */,
				D71996B82E1096CD0060D346 /* EV Station FinderTests */,
				D71996C22E1096CD0060D346 /* EV Station FinderUITests */,
				D71996A92E1096C90060D346 /* Products */,
			);
			sourceTree = "<group>";
		};
		D71996A92E1096C90060D346 /* Products */ = {
			isa = PBXGroup;
			children = (
				D71996A82E1096C90060D346 /* EV Station Finder.app */,
				D71996B52E1096CD0060D346 /* EV Station FinderTests.xctest */,
				D71996BF2E1096CD0060D346 /* EV Station FinderUITests.xctest */,
			);
			name = Products;
			sourceTree = "<group>";
		};
/* End PBXGroup section */

/* Begin PBXNativeTarget section */
		D71996A72E1096C90060D346 /* EV Station Finder */ = {
			isa = PBXNativeTarget;
			buildConfigurationList = D71996C92E1096CD0060D346 /* Build configuration list for PBXNativeTarget "EV Station Finder" */;
			buildPhases = (
				D71996A42E1096C90060D346 /* Sources */,
				D71996A52E1096C90060D346 /* Frameworks */,
				D71996A62E1096C90060D346 /* Resources */,
			);
			buildRules = (
			);
			dependencies = (
			);
			fileSystemSynchronizedGroups = (
				D71996AA2E1096C90060D346 /* EV Station Finder */,
			);
			name = "EV Station Finder";
			packageProductDependencies = (
			);
			productName = "EV Station Finder";
			productReference = D71996A82E1096C90060D346 /* EV Station Finder.app */;
			productType = "com.apple.product-type.application";
		};
		D71996B42E1096CD0060D346 /* EV Station FinderTests */ = {
			isa = PBXNativeTarget;
			buildConfigurationList = D71996CC2E1096CD0060D346 /* Build configuration list for PBXNativeTarget "EV Station FinderTests" */;
			buildPhases = (
				D71996B12E1096CD0060D346 /* Sources */,
				D71996B22E1096CD0060D346 /* Frameworks */,
				D71996B32E1096CD0060D346 /* Resources */,
			);
			buildRules = (
			);
			dependencies = (
				D71996B72E1096CD0060D346 /* PBXTargetDependency */,
			);
			fileSystemSynchronizedGroups = (
				D71996B82E1096CD0060D346 /* EV Station FinderTests */,
			);
			name = "EV Station FinderTests";
			packageProductDependencies = (
			);
			productName = "EV Station FinderTests";
			productReference = D71996B52E1096CD0060D346 /* EV Station FinderTests.xctest */;
			productType = "com.apple.product-type.bundle.unit-test";
		};
		D71996BE2E1096CD0060D346 /* EV Station FinderUITests */ = {
			isa = PBXNativeTarget;
			buildConfigurationList = D71996CF2E1096CD0060D346 /* Build configuration list for PBXNativeTarget "EV Station FinderUITests" */;
			buildPhases = (
				D71996BB2E1096CD0060D346 /* Sources */,
				D71996BC2E1096CD0060D346 /* Frameworks */,
				D71996BD2E1096CD0060D346 /* Resources */,
			);
			buildRules = (
			);
			dependencies = (
				D71996C12E1096CD0060D346 /* PBXTargetDependency */,
			);
			fileSystemSynchronizedGroups = (
				D71996C22E1096CD0060D346 /* EV Station FinderUITests */,
			);
			name = "EV Station FinderUITests";
			packageProductDependencies = (
			);
			productName = "EV Station FinderUITests";
			productReference = D71996BF2E1096CD0060D346 /* EV Station FinderUITests.xctest */;
			productType = "com.apple.product-type.bundle.ui-testing";
		};
/* End PBXNativeTarget section */

/* Begin PBXProject section */
		D71996A02E1096C90060D346 /* Project object */ = {
			isa = PBXProject;
			attributes = {
				BuildIndependentTargetsInParallel = 1;
				LastSwiftUpdateCheck = 1640;
				LastUpgradeCheck = 1640;
				TargetAttributes = {
					D71996A72E1096C90060D346 = {
						CreatedOnToolsVersion = 16.4;
					};
					D71996B42E1096CD0060D346 = {
						CreatedOnToolsVersion = 16.4;
						TestTargetID = D71996A72E1096C90060D346;
					};
					D71996BE2E1096CD0060D346 = {
						CreatedOnToolsVersion = 16.4;
						TestTargetID = D71996A72E1096C90060D346;
					};
				};
			};
			buildConfigurationList = D71996A32E1096C90060D346 /* Build configuration list for PBXProject "EV Station Finder" */;
			developmentRegion = en;
			hasScannedForEncodings = 0;
			knownRegions = (
				en,
				Base,
			);
			mainGroup = D719969F2E1096C90060D346;
			minimizedProjectReferenceProxies = 1;
			preferredProjectObjectVersion = 77;
			productRefGroup = D71996A92E1096C90060D346 /* Products */;
			projectDirPath = "";
			projectRoot = "";
			targets = (
				D71996A72E1096C90060D346 /* EV Station Finder */,
				D71996B42E1096CD0060D346 /* EV Station FinderTests */,
				D71996BE2E1096CD0060D346 /* EV Station FinderUITests */,
			);
		};
/* End PBXProject section */

/* Begin PBXResourcesBuildPhase section */
		D71996A62E1096C90060D346 /* Resources */ = {
			isa = PBXResourcesBuildPhase;
			buildActionMask = 2147483647;
			files = (
				D71997052E10EBC50060D346 /* Localizable.xcstrings in Resources */,
			);
			runOnlyForDeploymentPostprocessing = 0;
		};
		D71996B32E1096CD0060D346 /* Resources */ = {
			isa = PBXResourcesBuildPhase;
			buildActionMask = 2147483647;
			files = (
			);
			runOnlyForDeploymentPostprocessing = 0;
		};
		D71996BD2E1096CD0060D346 /* Resources */ = {
			isa = PBXResourcesBuildPhase;
			buildActionMask = 2147483647;
			files = (
			);
			runOnlyForDeploymentPostprocessing = 0;
		};
/* End PBXResourcesBuildPhase section */

/* Begin PBXSourcesBuildPhase section */
		D71996A42E1096C90060D346 /* Sources */ = {
			isa = PBXSourcesBuildPhase;
			buildActionMask = 2147483647;
			files = (
			);
			runOnlyForDeploymentPostprocessing = 0;
		};
		D71996B12E1096CD0060D346 /* Sources */ = {
			isa = PBXSourcesBuildPhase;
			buildActionMask = 2147483647;
			files = (
			);
			runOnlyForDeploymentPostprocessing = 0;
		};
		D71996BB2E1096CD0060D346 /* Sources */ = {
			isa = PBXSourcesBuildPhase;
			buildActionMask = 2147483647;
			files = (
			);
			runOnlyForDeploymentPostprocessing = 0;
		};
/* End PBXSourcesBuildPhase section */

/* Begin PBXTargetDependency section */
		D71996B72E1096CD0060D346 /* PBXTargetDependency */ = {
			isa = PBXTargetDependency;
			target = D71996A72E1096C90060D346 /* EV Station Finder */;
			targetProxy = D71996B62E1096CD0060D346 /* PBXContainerItemProxy */;
		};
		D71996C12E1096CD0060D346 /* PBXTargetDependency */ = {
			isa = PBXTargetDependency;
			target = D71996A72E1096C90060D346 /* EV Station Finder */;
			targetProxy = D71996C02E1096CD0060D346 /* PBXContainerItemProxy */;
		};
/* End PBXTargetDependency section */

/* Begin XCBuildConfiguration section */
		D71996C72E1096CD0060D346 /* Debug */ = {
			isa = XCBuildConfiguration;
			buildSettings = {
				ALWAYS_SEARCH_USER_PATHS = NO;
				ASSETCATALOG_COMPILER_GENERATE_SWIFT_ASSET_SYMBOL_EXTENSIONS = YES;
				CLANG_ANALYZER_NONNULL = YES;
				CLANG_ANALYZER_NUMBER_OBJECT_CONVERSION = YES_AGGRESSIVE;
				CLANG_CXX_LANGUAGE_STANDARD = "gnu++20";
				CLANG_ENABLE_MODULES = YES;
				CLANG_ENABLE_OBJC_ARC = YES;
				CLANG_ENABLE_OBJC_WEAK = YES;
				CLANG_WARN_BLOCK_CAPTURE_AUTORELEASING = YES;
				CLANG_WARN_BOOL_CONVERSION = YES;
				CLANG_WARN_COMMA = YES;
				CLANG_WARN_CONSTANT_CONVERSION = YES;
				CLANG_WARN_DEPRECATED_OBJC_IMPLEMENTATIONS = YES;
				CLANG_WARN_DIRECT_OBJC_ISA_USAGE = YES_ERROR;
				CLANG_WARN_DOCUMENTATION_COMMENTS = YES;
				CLANG_WARN_EMPTY_BODY = YES;
				CLANG_WARN_ENUM_CONVERSION = YES;
				CLANG_WARN_INFINITE_RECURSION = YES;
				CLANG_WARN_INT_CONVERSION = YES;
				CLANG_WARN_NON_LITERAL_NULL_CONVERSION = YES;
				CLANG_WARN_OBJC_IMPLICIT_RETAIN_SELF = YES;
				CLANG_WARN_OBJC_LITERAL_CONVERSION = YES;
				CLANG_WARN_OBJC_ROOT_CLASS = YES_ERROR;
				CLANG_WARN_QUOTED_INCLUDE_IN_FRAMEWORK_HEADER = YES;
				CLANG_WARN_RANGE_LOOP_ANALYSIS = YES;
				CLANG_WARN_STRICT_PROTOTYPES = YES;
				CLANG_WARN_SUSPICIOUS_MOVE = YES;
				CLANG_WARN_UNGUARDED_AVAILABILITY = YES_AGGRESSIVE;
				CLANG_WARN_UNREACHABLE_CODE = YES;
				CLANG_WARN__DUPLICATE_METHOD_MATCH = YES;
				COPY_PHASE_STRIP = NO;
				DEBUG_INFORMATION_FORMAT = dwarf;
				ENABLE_STRICT_OBJC_MSGSEND = YES;
				ENABLE_TESTABILITY = YES;
				ENABLE_USER_SCRIPT_SANDBOXING = YES;
				GCC_C_LANGUAGE_STANDARD = gnu17;
				GCC_DYNAMIC_NO_PIC = NO;
				GCC_NO_COMMON_BLOCKS = YES;
				GCC_OPTIMIZATION_LEVEL = 0;
				GCC_PREPROCESSOR_DEFINITIONS = (
					"DEBUG=1",
					"$(inherited)",
				);
				GCC_WARN_64_TO_32_BIT_CONVERSION = YES;
				GCC_WARN_ABOUT_RETURN_TYPE = YES_ERROR;
				GCC_WARN_UNDECLARED_SELECTOR = YES;
				GCC_WARN_UNINITIALIZED_AUTOS = YES_AGGRESSIVE;
				GCC_WARN_UNUSED_FUNCTION = YES;
				GCC_WARN_UNUSED_VARIABLE = YES;
				GENERATE_INFOPLIST_FILE = NO;
				INFOPLIST_FILE = "";
				IPHONEOS_DEPLOYMENT_TARGET = 15.6;
				LOCALIZATION_PREFERS_STRING_CATALOGS = YES;
				MTL_ENABLE_DEBUG_INFO = INCLUDE_SOURCE;
				MTL_FAST_MATH = YES;
				NREL_API_KEY = "";
				NREL_BASE_URL = "https://developer.nrel.gov/api/alt-fuel-stations/";
				ONLY_ACTIVE_ARCH = YES;
				SDKROOT = iphoneos;
				SWIFT_ACTIVE_COMPILATION_CONDITIONS = "DEBUG $(inherited)";
				SWIFT_EMIT_LOC_STRINGS = YES;
				SWIFT_OPTIMIZATION_LEVEL = "-Onone";
			};
			name = Debug;
		};
		D71996C82E1096CD0060D346 /* Release */ = {
			isa = XCBuildConfiguration;
			buildSettings = {
				ALWAYS_SEARCH_USER_PATHS = NO;
				ASSETCATALOG_COMPILER_GENERATE_SWIFT_ASSET_SYMBOL_EXTENSIONS = YES;
				CLANG_ANALYZER_NONNULL = YES;
				CLANG_ANALYZER_NUMBER_OBJECT_CONVERSION = YES_AGGRESSIVE;
				CLANG_CXX_LANGUAGE_STANDARD = "gnu++20";
				CLANG_ENABLE_MODULES = YES;
				CLANG_ENABLE_OBJC_ARC = YES;
				CLANG_ENABLE_OBJC_WEAK = YES;
				CLANG_WARN_BLOCK_CAPTURE_AUTORELEASING = YES;
				CLANG_WARN_BOOL_CONVERSION = YES;
				CLANG_WARN_COMMA = YES;
				CLANG_WARN_CONSTANT_CONVERSION = YES;
				CLANG_WARN_DEPRECATED_OBJC_IMPLEMENTATIONS = YES;
				CLANG_WARN_DIRECT_OBJC_ISA_USAGE = YES_ERROR;
				CLANG_WARN_DOCUMENTATION_COMMENTS = YES;
				CLANG_WARN_EMPTY_BODY = YES;
				CLANG_WARN_ENUM_CONVERSION = YES;
				CLANG_WARN_INFINITE_RECURSION = YES;
				CLANG_WARN_INT_CONVERSION = YES;
				CLANG_WARN_NON_LITERAL_NULL_CONVERSION = YES;
				CLANG_WARN_OBJC_IMPLICIT_RETAIN_SELF = YES;
				CLANG_WARN_OBJC_LITERAL_CONVERSION = YES;
				CLANG_WARN_OBJC_ROOT_CLASS = YES_ERROR;
				CLANG_WARN_QUOTED_INCLUDE_IN_FRAMEWORK_HEADER = YES;
				CLANG_WARN_RANGE_LOOP_ANALYSIS = YES;
				CLANG_WARN_STRICT_PROTOTYPES = YES;
				CLANG_WARN_SUSPICIOUS_MOVE = YES;
				CLANG_WARN_UNGUARDED_AVAILABILITY = YES_AGGRESSIVE;
				CLANG_WARN_UNREACHABLE_CODE = YES;
				CLANG_WARN__DUPLICATE_METHOD_MATCH = YES;
				COPY_PHASE_STRIP = NO;
				DEBUG_INFORMATION_FORMAT = "dwarf-with-dsym";
				ENABLE_NS_ASSERTIONS = NO;
				ENABLE_STRICT_OBJC_MSGSEND = YES;
				ENABLE_USER_SCRIPT_SANDBOXING = YES;
				GCC_C_LANGUAGE_STANDARD = gnu17;
				GCC_NO_COMMON_BLOCKS = YES;
				GCC_WARN_64_TO_32_BIT_CONVERSION = YES;
				GCC_WARN_ABOUT_RETURN_TYPE = YES_ERROR;
				GCC_WARN_UNDECLARED_SELECTOR = YES;
				GCC_WARN_UNINITIALIZED_AUTOS = YES_AGGRESSIVE;
				GCC_WARN_UNUSED_FUNCTION = YES;
				GCC_WARN_UNUSED_VARIABLE = YES;
				GENERATE_INFOPLIST_FILE = NO;
				INFOPLIST_FILE = "";
				IPHONEOS_DEPLOYMENT_TARGET = 15.6;
				LOCALIZATION_PREFERS_STRING_CATALOGS = YES;
				MTL_ENABLE_DEBUG_INFO = NO;
				MTL_FAST_MATH = YES;
				NREL_API_KEY = "";
				NREL_BASE_URL = "https://developer.nrel.gov/api/alt-fuel-stations/";
				SDKROOT = iphoneos;
				SWIFT_COMPILATION_MODE = wholemodule;
				SWIFT_EMIT_LOC_STRINGS = YES;
				VALIDATE_PRODUCT = YES;
			};
			name = Release;
		};
		D71996CA2E1096CD0060D346 /* Debug */ = {
			isa = XCBuildConfiguration;
			buildSettings = {
				ASSETCATALOG_COMPILER_APPICON_NAME = AppIcon;
				ASSETCATALOG_COMPILER_GLOBAL_ACCENT_COLOR_NAME = AccentColor;
				CODE_SIGN_STYLE = Automatic;
				CURRENT_PROJECT_VERSION = 1;
				ENABLE_PREVIEWS = YES;
				GENERATE_INFOPLIST_FILE = YES;
				INFOPLIST_FILE = "EV-Station-Finder-Info.plist";
				INFOPLIST_KEY_UIApplicationSceneManifest_Generation = YES;
				INFOPLIST_KEY_UIApplicationSupportsIndirectInputEvents = YES;
				INFOPLIST_KEY_UILaunchScreen_Generation = YES;
				INFOPLIST_KEY_UISupportedInterfaceOrientations_iPad = "UIInterfaceOrientationPortrait UIInterfaceOrientationPortraitUpsideDown UIInterfaceOrientationLandscapeLeft UIInterfaceOrientationLandscapeRight";
				INFOPLIST_KEY_UISupportedInterfaceOrientations_iPhone = "UIInterfaceOrientationPortrait UIInterfaceOrientationLandscapeLeft UIInterfaceOrientationLandscapeRight";
				LD_RUNPATH_SEARCH_PATHS = (
					"$(inherited)",
					"@executable_path/Frameworks",
				);
				MARKETING_VERSION = 1.0;
				PRODUCT_BUNDLE_IDENTIFIER = "przucato.EV-Station-Finder";
				PRODUCT_NAME = "$(TARGET_NAME)";
				SWIFT_EMIT_LOC_STRINGS = YES;
				SWIFT_VERSION = 5.0;
				TARGETED_DEVICE_FAMILY = "1,2";
			};
			name = Debug;
		};
		D71996CB2E1096CD0060D346 /* Release */ = {
			isa = XCBuildConfiguration;
			buildSettings = {
				ASSETCATALOG_COMPILER_APPICON_NAME = AppIcon;
				ASSETCATALOG_COMPILER_GLOBAL_ACCENT_COLOR_NAME = AccentColor;
				CODE_SIGN_STYLE = Automatic;
				CURRENT_PROJECT_VERSION = 1;
				ENABLE_PREVIEWS = YES;
				GENERATE_INFOPLIST_FILE = YES;
				INFOPLIST_FILE = "EV-Station-Finder-Info.plist";
				INFOPLIST_KEY_UIApplicationSceneManifest_Generation = YES;
				INFOPLIST_KEY_UIApplicationSupportsIndirectInputEvents = YES;
				INFOPLIST_KEY_UILaunchScreen_Generation = YES;
				INFOPLIST_KEY_UISupportedInterfaceOrientations_iPad = "UIInterfaceOrientationPortrait UIInterfaceOrientationPortraitUpsideDown UIInterfaceOrientationLandscapeLeft UIInterfaceOrientationLandscapeRight";
				INFOPLIST_KEY_UISupportedInterfaceOrientations_iPhone = "UIInterfaceOrientationPortrait UIInterfaceOrientationLandscapeLeft UIInterfaceOrientationLandscapeRight";
				LD_RUNPATH_SEARCH_PATHS = (
					"$(inherited)",
					"@executable_path/Frameworks",
				);
				MARKETING_VERSION = 1.0;
				PRODUCT_BUNDLE_IDENTIFIER = "przucato.EV-Station-Finder";
				PRODUCT_NAME = "$(TARGET_NAME)";
				SWIFT_EMIT_LOC_STRINGS = YES;
				SWIFT_VERSION = 5.0;
				TARGETED_DEVICE_FAMILY = "1,2";
			};
			name = Release;
		};
		D71996CD2E1096CD0060D346 /* Debug */ = {
			isa = XCBuildConfiguration;
			buildSettings = {
				BUNDLE_LOADER = "$(TEST_HOST)";
				CODE_SIGN_STYLE = Automatic;
				CURRENT_PROJECT_VERSION = 1;
				GENERATE_INFOPLIST_FILE = YES;
				IPHONEOS_DEPLOYMENT_TARGET = 18.5;
				MARKETING_VERSION = 1.0;
				PRODUCT_BUNDLE_IDENTIFIER = "przucato.EV-Station-FinderTests";
				PRODUCT_NAME = "$(TARGET_NAME)";
				SWIFT_EMIT_LOC_STRINGS = NO;
				SWIFT_VERSION = 5.0;
				TARGETED_DEVICE_FAMILY = "1,2";
				TEST_HOST = "$(BUILT_PRODUCTS_DIR)/EV Station Finder.app/$(BUNDLE_EXECUTABLE_FOLDER_PATH)/EV Station Finder";
			};
			name = Debug;
		};
		D71996CE2E1096CD0060D346 /* Release */ = {
			isa = XCBuildConfiguration;
			buildSettings = {
				BUNDLE_LOADER = "$(TEST_HOST)";
				CODE_SIGN_STYLE = Automatic;
				CURRENT_PROJECT_VERSION = 1;
				GENERATE_INFOPLIST_FILE = YES;
				IPHONEOS_DEPLOYMENT_TARGET = 18.5;
				MARKETING_VERSION = 1.0;
				PRODUCT_BUNDLE_IDENTIFIER = "przucato.EV-Station-FinderTests";
				PRODUCT_NAME = "$(TARGET_NAME)";
				SWIFT_EMIT_LOC_STRINGS = NO;
				SWIFT_VERSION = 5.0;
				TARGETED_DEVICE_FAMILY = "1,2";
				TEST_HOST = "$(BUILT_PRODUCTS_DIR)/EV Station Finder.app/$(BUNDLE_EXECUTABLE_FOLDER_PATH)/EV Station Finder";
			};
			name = Release;
		};
		D71996D02E1096CD0060D346 /* Debug */ = {
			isa = XCBuildConfiguration;
			buildSettings = {
				CODE_SIGN_STYLE = Automatic;
				CURRENT_PROJECT_VERSION = 1;
				GENERATE_INFOPLIST_FILE = YES;
				MARKETING_VERSION = 1.0;
				PRODUCT_BUNDLE_IDENTIFIER = "przucato.EV-Station-FinderUITests";
				PRODUCT_NAME = "$(TARGET_NAME)";
				SWIFT_EMIT_LOC_STRINGS = NO;
				SWIFT_VERSION = 5.0;
				TARGETED_DEVICE_FAMILY = "1,2";
				TEST_TARGET_NAME = "EV Station Finder";
			};
			name = Debug;
		};
		D71996D12E1096CD0060D346 /* Release */ = {
			isa = XCBuildConfiguration;
			buildSettings = {
				CODE_SIGN_STYLE = Automatic;
				CURRENT_PROJECT_VERSION = 1;
				GENERATE_INFOPLIST_FILE = YES;
				MARKETING_VERSION = 1.0;
				PRODUCT_BUNDLE_IDENTIFIER = "przucato.EV-Station-FinderUITests";
				PRODUCT_NAME = "$(TARGET_NAME)";
				SWIFT_EMIT_LOC_STRINGS = NO;
				SWIFT_VERSION = 5.0;
				TARGETED_DEVICE_FAMILY = "1,2";
				TEST_TARGET_NAME = "EV Station Finder";
			};
			name = Release;
		};
/* End XCBuildConfiguration section */

/* Begin XCConfigurationList section */
		D71996A32E1096C90060D346 /* Build configuration list for PBXProject "EV Station Finder" */ = {
			isa = XCConfigurationList;
			buildConfigurations = (
				D71996C72E1096CD0060D346 /* Debug */,
				D71996C82E1096CD0060D346 /* Release */,
			);
			defaultConfigurationIsVisible = 0;
			defaultConfigurationName = Release;
		};
		D71996C92E1096CD0060D346 /* Build configuration list for PBXNativeTarget "EV Station Finder" */ = {
			isa = XCConfigurationList;
			buildConfigurations = (
				D71996CA2E1096CD0060D346 /* Debug */,
				D71996CB2E1096CD0060D346 /* Release */,
			);
			defaultConfigurationIsVisible = 0;
			defaultConfigurationName = Release;
		};
		D71996CC2E1096CD0060D346 /* Build configuration list for PBXNativeTarget "EV Station FinderTests" */ = {
			isa = XCConfigurationList;
			buildConfigurations = (
				D71996CD2E1096CD0060D346 /* Debug */,
				D71996CE2E1096CD0060D346 /* Release */,
			);
			defaultConfigurationIsVisible = 0;
			defaultConfigurationName = Release;
		};
		D71996CF2E1096CD0060D346 /* Build configuration list for PBXNativeTarget "EV Station FinderUITests" */ = {
			isa = XCConfigurationList;
			buildConfigurations = (
				D71996D02E1096CD0060D346 /* Debug */,
				D71996D12E1096CD0060D346 /* Release */,
			);
			defaultConfigurationIsVisible = 0;
			defaultConfigurationName = Release;
		};
/* End XCConfigurationList section */
	};
	rootObject = D71996A02E1096C90060D346 /* Project object */;
}
